
Microsoft Visual Studio Solution File, Format Version 12.00
# Visual Studio 15
VisualStudioVersion = 15.0.28010.2026
MinimumVisualStudioVersion = 10.0.40219.1
Project("{FAE04EC0-301F-11D3-BF4B-00C04F79EFBC}") = "Appgregate", "Appgregate\Appgregate.csproj", "{2EF7C088-E707-4342-AB27-B341B5D19C7C}"
EndProject
Global
	GlobalSection(SolutionConfigurationPlatforms) = preSolution
		Debug|Any CPU = Debug|Any CPU
		Release|Any CPU = Release|Any CPU
	EndGlobalSection
	GlobalSection(ProjectConfigurationPlatforms) = postSolution
		{2EF7C088-E707-4342-AB27-B341B5D19C7C}.Debug|Any CPU.ActiveCfg = Debug|Any CPU
		{2EF7C088-E707-4342-AB27-B341B5D19C7C}.Debug|Any CPU.Build.0 = Debug|Any CPU
		{2EF7C088-E707-4342-AB27-B341B5D19C7C}.Release|Any CPU.ActiveCfg = Release|Any CPU
		{2EF7C088-E707-4342-AB27-B341B5D19C7C}.Release|Any CPU.Build.0 = Release|Any CPU
	EndGlobalSection
	GlobalSection(SolutionProperties) = preSolution
		HideSolutionNode = FALSE
	EndGlobalSection
	GlobalSection(ExtensibilityGlobals) = postSolution
		SolutionGuid = {DF3287AE-03F2-4BC7-902E-6C4D82BD2349}
	EndGlobalSection
EndGlobal
